{
    "_readme": [
        "This file locks the dependencies of your project to a known state",
        "Read more about it at https://getcomposer.org/doc/01-basic-usage.md#composer-lock-the-lock-file",
        "This file is @generated automatically"
    ],
    "hash": "c100d0902c0a05d1cf45f34d1ebb6951",
    "content-hash": "76e2b51e73620f06c6c7e50a1bd0aefc",
    "packages": [
        {
            "name": "remdex/livehelperchat",
            "version": "dev-master",
            "source": {
                "type": "git",
                "url": "https://github.com/LiveHelperChat/livehelperchat.git",
                "reference": "d9d5be37474087fe26ac51a567a2822d6ff4fa44"
            },
            "dist": {
                "type": "zip",
                "url": "https://api.github.com/repos/LiveHelperChat/livehelperchat/zipball/d9d5be37474087fe26ac51a567a2822d6ff4fa44",
                "reference": "d9d5be37474087fe26ac51a567a2822d6ff4fa44",
                "shasum": ""
            },
            "require": {
                "php": ">=5.2.4"
            },
            "type": "project",
            "notification-url": "https://packagist.org/downloads/",
            "license": [
                "GPL-3.0+",
                "LGPL-3.0+"
            ],
            "authors": [
                {
                    "name": "Remigijus Kiminas",
                    "email": "remdex@gmail.com",
                    "homepage": "https://livehelperchat.com"
                }
            ],
            "description": "Live Helper Chat - live support for your website. Featuring web and desktop clients. Compatible Windows, Linux, Mac. Desktop client powered by QT. Supports mobile phones based on XMPP service providers (GTalk, Xabber, Mono etc.)",
            "homepage": "https://livehelperchat.com",
            "keywords": [
                "live support",
                "livehelperchat",
                "php",
                "qt",
                "xmpp"
            ],
            "time": "2015-11-30 16:33:03"
        }
    ],
    "packages-dev": [],
    "aliases": [],
    "minimum-stability": "stable",
    "stability-flags": {
        "remdex/livehelperchat": 20
    },
    "prefer-stable": false,
    "prefer-lowest": false,
    "platform": [],
    "platform-dev": []
}
